Microsoft Visual Studio Solution File, Format Version 12.00
# Visual Studio Version 16
VisualStudioVersion = 16.0.29806.167
MinimumVisualStudioVersion = 10.0.40219.1
Project("{9A19103F-16F7-4668-BE54-9A1E7A4F7556}") = "lifebet", "lifebet\lifebet.csproj", "{36D1BF74-DDE0-4956-AD11-102FFD8D8CEC}"
EndProject
Project("{9A19103F-16F7-4668-BE54-9A1E7A4F7556}") = "lifebet.dataaccess", "lifebet.dataaccess\lifebet.dataaccess.csproj", "{B0211F1E-6FEB-4DD3-BF4C-470045F69453}"
EndProject
Project("{2150E333-8FDC-42A3-9474-1A3956D46DE8}") = "CreateDatabase", "CreateDatabase", "{873C41E2-A7C7-463D-A89C-94ADAEF2DB56}"
	ProjectSection(SolutionItems) = preProject
		local_db_create.sql = local_db_create.sql
		flyway.ps1 = flyway.ps1
	EndProjectSection
EndProject
Project("{2150E333-8FDC-42A3-9474-1A3956D46DE8}") = "db_scripts", "db_scripts", "{C0CAFEEB-F0AB-483C-911E-4FE01608D4B4}"
	ProjectSection(SolutionItems) = preProject
		db_scripts\V1.1__Create_Events_Table.sql = db_scripts\V1.1__Create_Events_Table.sql
		db_scripts\V1.2__Create_Options_And_Bets.sql = db_scripts\V1.2__Create_Options_And_Bets.sql
	EndProjectSection
EndProject
Project("{FAE04EC0-301F-11D3-BF4B-00C04F79EFBC}") = "lifebet.entity", "lifebet.entity\lifebet.entity.csproj", "{31F1AB09-64E1-434F-A0FB-3A059B1503A6}"
EndProject
Project("{2150E333-8FDC-42A3-9474-1A3956D46DE8}") = ".circleci", ".circleci", "{22327784-8E3C-4BB1-88AF-4F623E77194A}"
	ProjectSection(SolutionItems) = preProject
		.circleci\config.yml = .circleci\config.yml
	EndProjectSection
EndProject
Project("{FAE04EC0-301F-11D3-BF4B-00C04F79EFBC}") = "lifebet.tests", "lifebet.tests\lifebet.tests.csproj", "{243CC7B4-18CC-42EF-BC7A-9AD63791CB7D}"
EndProject
Global
	GlobalSection(SolutionConfigurationPlatforms) = preSolution
		Debug|Any CPU = Debug|Any CPU
		Release|Any CPU = Release|Any CPU
	EndGlobalSection
	GlobalSection(ProjectConfigurationPlatforms) = postSolution
		{36D1BF74-DDE0-4956-AD11-102FFD8D8CEC}.Debug|Any CPU.ActiveCfg = Debug|Any CPU
		{36D1BF74-DDE0-4956-AD11-102FFD8D8CEC}.Debug|Any CPU.Build.0 = Debug|Any CPU
		{36D1BF74-DDE0-4956-AD11-102FFD8D8CEC}.Release|Any CPU.ActiveCfg = Release|Any CPU
		{36D1BF74-DDE0-4956-AD11-102FFD8D8CEC}.Release|Any CPU.Build.0 = Release|Any CPU
		{B0211F1E-6FEB-4DD3-BF4C-470045F69453}.Debug|Any CPU.ActiveCfg = Debug|Any CPU
		{B0211F1E-6FEB-4DD3-BF4C-470045F69453}.Debug|Any CPU.Build.0 = Debug|Any CPU
		{B0211F1E-6FEB-4DD3-BF4C-470045F69453}.Release|Any CPU.ActiveCfg = Release|Any CPU
		{B0211F1E-6FEB-4DD3-BF4C-470045F69453}.Release|Any CPU.Build.0 = Release|Any CPU
		{31F1AB09-64E1-434F-A0FB-3A059B1503A6}.Debug|Any CPU.ActiveCfg = Debug|Any CPU
		{31F1AB09-64E1-434F-A0FB-3A059B1503A6}.Debug|Any CPU.Build.0 = Debug|Any CPU
		{31F1AB09-64E1-434F-A0FB-3A059B1503A6}.Release|Any CPU.ActiveCfg = Release|Any CPU
		{31F1AB09-64E1-434F-A0FB-3A059B1503A6}.Release|Any CPU.Build.0 = Release|Any CPU
		{243CC7B4-18CC-42EF-BC7A-9AD63791CB7D}.Debug|Any CPU.ActiveCfg = Debug|Any CPU
		{243CC7B4-18CC-42EF-BC7A-9AD63791CB7D}.Debug|Any CPU.Build.0 = Debug|Any CPU
		{243CC7B4-18CC-42EF-BC7A-9AD63791CB7D}.Release|Any CPU.ActiveCfg = Release|Any CPU
		{243CC7B4-18CC-42EF-BC7A-9AD63791CB7D}.Release|Any CPU.Build.0 = Release|Any CPU
	EndGlobalSection
	GlobalSection(SolutionProperties) = preSolution
		HideSolutionNode = FALSE
	EndGlobalSection
	GlobalSection(ExtensibilityGlobals) = postSolution
		SolutionGuid = {6C390A18-A422-4805-BBAC-32232B815C04}
	EndGlobalSection
EndGlobal
