
Microsoft Visual Studio Solution File, Format Version 12.00
# Visual Studio 15
Project("{FAE04EC0-301F-11D3-BF4B-00C04F79EFBC}") = "lifebet", "lifebet\lifebet.csproj", "{36D1BF74-DDE0-4956-AD11-102FFD8D8CEC}"
EndProject
Project("{FAE04EC0-301F-11D3-BF4B-00C04F79EFBC}") = "lifebet.dataaccess", "lifebet.dataaccess\lifebet.dataaccess.csproj", "{B0211F1E-6FEB-4DD3-BF4C-470045F69453}"
EndProject
Project("{2150E333-8FDC-42A3-9474-1A3956D46DE8}") = "CreateDatabase", "CreateDatabase", "{873C41E2-A7C7-463D-A89C-94ADAEF2DB56}"
	ProjectSection(SolutionItems) = preProject
		local_db_create.sql = local_db_create.sql
	EndProjectSection
EndProject
Project("{FAE04EC0-301F-11D3-BF4B-00C04F79EFBC}") = "lifebet.entity", "lifebet.entity\lifebet.entity.csproj", "{56A3DE96-CF58-4A6A-94F4-03E51ACA1D8D}"
EndProject
Global
	GlobalSection(SolutionConfigurationPlatforms) = preSolution
		Debug|Any CPU = Debug|Any CPU
		Release|Any CPU = Release|Any CPU
	EndGlobalSection
	GlobalSection(ProjectConfigurationPlatforms) = postSolution
		{36D1BF74-DDE0-4956-AD11-102FFD8D8CEC}.Debug|Any CPU.ActiveCfg = Debug|Any CPU
		{36D1BF74-DDE0-4956-AD11-102FFD8D8CEC}.Debug|Any CPU.Build.0 = Debug|Any CPU
		{36D1BF74-DDE0-4956-AD11-102FFD8D8CEC}.Release|Any CPU.ActiveCfg = Release|Any CPU
		{36D1BF74-DDE0-4956-AD11-102FFD8D8CEC}.Release|Any CPU.Build.0 = Release|Any CPU
		{B0211F1E-6FEB-4DD3-BF4C-470045F69453}.Debug|Any CPU.ActiveCfg = Debug|Any CPU
		{B0211F1E-6FEB-4DD3-BF4C-470045F69453}.Debug|Any CPU.Build.0 = Debug|Any CPU
		{B0211F1E-6FEB-4DD3-BF4C-470045F69453}.Release|Any CPU.ActiveCfg = Release|Any CPU
		{B0211F1E-6FEB-4DD3-BF4C-470045F69453}.Release|Any CPU.Build.0 = Release|Any CPU
		{56A3DE96-CF58-4A6A-94F4-03E51ACA1D8D}.Debug|Any CPU.ActiveCfg = Debug|Any CPU
		{56A3DE96-CF58-4A6A-94F4-03E51ACA1D8D}.Debug|Any CPU.Build.0 = Debug|Any CPU
		{56A3DE96-CF58-4A6A-94F4-03E51ACA1D8D}.Release|Any CPU.ActiveCfg = Release|Any CPU
		{56A3DE96-CF58-4A6A-94F4-03E51ACA1D8D}.Release|Any CPU.Build.0 = Release|Any CPU
	EndGlobalSection
EndGlobal
